
Microsoft Visual Studio Solution File, Format Version 12.00
# Visual Studio Version 16
VisualStudioVersion = 16.0.30523.141
MinimumVisualStudioVersion = 10.0.40219.1
Project("{FAE04EC0-301F-11D3-BF4B-00C04F79EFBC}") = "AutoDI", "AutoDI\AutoDI.csproj", "{1E63903F-DFAE-40C8-B26F-6B05C411063D}"
EndProject
Project("{FAE04EC0-301F-11D3-BF4B-00C04F79EFBC}") = "AutoDI.IRepository", "AutoDI.IRepository\AutoDI.IRepository.csproj", "{82FD58AD-B444-4FED-850E-BD99ABB064B8}"
EndProject
Project("{FAE04EC0-301F-11D3-BF4B-00C04F79EFBC}") = "AutoDI.Repository", "AutoDI.Repository\AutoDI.Repository.csproj", "{4C839917-3F5A-4123-923F-58096FC51169}"
EndProject
Project("{FAE04EC0-301F-11D3-BF4B-00C04F79EFBC}") = "AutoDI.Others", "AutoDI.Other\AutoDI.Others.csproj", "{12B743AB-FD32-4E28-A2BA-76FA55FE9ADE}"
EndProject
Project("{FAE04EC0-301F-11D3-BF4B-00C04F79EFBC}") = "AutoDI.Entity", "AutoDI.Entity\AutoDI.Entity.csproj", "{3894041C-A473-4201-8E04-A29343A13F3F}"
EndProject
Global
	GlobalSection(SolutionConfigurationPlatforms) = preSolution
		Debug|Any CPU = Debug|Any CPU
		Release|Any CPU = Release|Any CPU
	EndGlobalSection
	GlobalSection(ProjectConfigurationPlatforms) = postSolution
		{1E63903F-DFAE-40C8-B26F-6B05C411063D}.Debug|Any CPU.ActiveCfg = Debug|Any CPU
		{1E63903F-DFAE-40C8-B26F-6B05C411063D}.Debug|Any CPU.Build.0 = Debug|Any CPU
		{1E63903F-DFAE-40C8-B26F-6B05C411063D}.Release|Any CPU.ActiveCfg = Release|Any CPU
		{1E63903F-DFAE-40C8-B26F-6B05C411063D}.Release|Any CPU.Build.0 = Release|Any CPU
		{82FD58AD-B444-4FED-850E-BD99ABB064B8}.Debug|Any CPU.ActiveCfg = Debug|Any CPU
		{82FD58AD-B444-4FED-850E-BD99ABB064B8}.Debug|Any CPU.Build.0 = Debug|Any CPU
		{82FD58AD-B444-4FED-850E-BD99ABB064B8}.Release|Any CPU.ActiveCfg = Release|Any CPU
		{82FD58AD-B444-4FED-850E-BD99ABB064B8}.Release|Any CPU.Build.0 = Release|Any CPU
		{4C839917-3F5A-4123-923F-58096FC51169}.Debug|Any CPU.ActiveCfg = Debug|Any CPU
		{4C839917-3F5A-4123-923F-58096FC51169}.Debug|Any CPU.Build.0 = Debug|Any CPU
		{4C839917-3F5A-4123-923F-58096FC51169}.Release|Any CPU.ActiveCfg = Release|Any CPU
		{4C839917-3F5A-4123-923F-58096FC51169}.Release|Any CPU.Build.0 = Release|Any CPU
		{12B743AB-FD32-4E28-A2BA-76FA55FE9ADE}.Debug|Any CPU.ActiveCfg = Debug|Any CPU
		{12B743AB-FD32-4E28-A2BA-76FA55FE9ADE}.Debug|Any CPU.Build.0 = Debug|Any CPU
		{12B743AB-FD32-4E28-A2BA-76FA55FE9ADE}.Release|Any CPU.ActiveCfg = Release|Any CPU
		{12B743AB-FD32-4E28-A2BA-76FA55FE9ADE}.Release|Any CPU.Build.0 = Release|Any CPU
		{3894041C-A473-4201-8E04-A29343A13F3F}.Debug|Any CPU.ActiveCfg = Debug|Any CPU
		{3894041C-A473-4201-8E04-A29343A13F3F}.Debug|Any CPU.Build.0 = Debug|Any CPU
		{3894041C-A473-4201-8E04-A29343A13F3F}.Release|Any CPU.ActiveCfg = Release|Any CPU
		{3894041C-A473-4201-8E04-A29343A13F3F}.Release|Any CPU.Build.0 = Release|Any CPU
	EndGlobalSection
	GlobalSection(SolutionProperties) = preSolution
		HideSolutionNode = FALSE
	EndGlobalSection
	GlobalSection(ExtensibilityGlobals) = postSolution
		SolutionGuid = {760E3133-D632-4873-998C-93286D66B1FC}
	EndGlobalSection
EndGlobal
